
Microsoft Visual Studio Solution File, Format Version 12.00
# Visual Studio Version 16
VisualStudioVersion = 16.0.29424.173
MinimumVisualStudioVersion = 10.0.40219.1
Project("{FAE04EC0-301F-11D3-BF4B-00C04F79EFBC}") = "practica1", "practica1\practica1.csproj", "{7DCAB1C2-7C0E-4F4D-865D-0D93B9946DFD}"
EndProject
Project("{FAE04EC0-301F-11D3-BF4B-00C04F79EFBC}") = "practica2", "practica2\practica2.csproj", "{F25AB6BF-6E29-436C-94FC-3802AA6BC037}"
EndProject
Global
	GlobalSection(SolutionConfigurationPlatforms) = preSolution
		Debug|Any CPU = Debug|Any CPU
		Release|Any CPU = Release|Any CPU
	EndGlobalSection
	GlobalSection(ProjectConfigurationPlatforms) = postSolution
		{7DCAB1C2-7C0E-4F4D-865D-0D93B9946DFD}.Debug|Any CPU.ActiveCfg = Debug|Any CPU
		{7DCAB1C2-7C0E-4F4D-865D-0D93B9946DFD}.Debug|Any CPU.Build.0 = Debug|Any CPU
		{7DCAB1C2-7C0E-4F4D-865D-0D93B9946DFD}.Release|Any CPU.ActiveCfg = Release|Any CPU
		{7DCAB1C2-7C0E-4F4D-865D-0D93B9946DFD}.Release|Any CPU.Build.0 = Release|Any CPU
		{F25AB6BF-6E29-436C-94FC-3802AA6BC037}.Debug|Any CPU.ActiveCfg = Debug|Any CPU
		{F25AB6BF-6E29-436C-94FC-3802AA6BC037}.Debug|Any CPU.Build.0 = Debug|Any CPU
		{F25AB6BF-6E29-436C-94FC-3802AA6BC037}.Release|Any CPU.ActiveCfg = Release|Any CPU
		{F25AB6BF-6E29-436C-94FC-3802AA6BC037}.Release|Any CPU.Build.0 = Release|Any CPU
	EndGlobalSection
	GlobalSection(SolutionProperties) = preSolution
		HideSolutionNode = FALSE
	EndGlobalSection
	GlobalSection(ExtensibilityGlobals) = postSolution
		SolutionGuid = {BCF320C6-706D-400A-AA66-288A6896A24B}
	EndGlobalSection
EndGlobal
